
Microsoft Visual Studio Solution File, Format Version 12.00
# Visual Studio Version 17
VisualStudioVersion = 17.2.32526.322
MinimumVisualStudioVersion = 10.0.40219.1
Project("{9A19103F-16F7-4668-BE54-9A1E7A4F7556}") = "WeightScaleGen2.BGC.API", "WeightScaleGen2.BGC.API\WeightScaleGen2.BGC.API.csproj", "{E6205F09-3FFF-43E6-8191-38646BF2CA0C}"
EndProject
Project("{9A19103F-16F7-4668-BE54-9A1E7A4F7556}") = "WeightScaleGen2.BGC.Models", "WeightScaleGen2.BGC.Models\WeightScaleGen2.BGC.Models.csproj", "{CB128723-DFF4-43A3-90B8-469BACDB1502}"
EndProject
Project("{9A19103F-16F7-4668-BE54-9A1E7A4F7556}") = "WeightScaleGen2.BGC.Web", "WeightScaleGen2.BGC.Web\WeightScaleGen2.BGC.Web.csproj", "{1F0F0F10-838E-45CB-92F7-8BD80FD34686}"
EndProject
Project("{FAE04EC0-301F-11D3-BF4B-00C04F79EFBC}") = "WeightScaleGen2.BGC.Tools", "WeightScaleGen2.BGC.Tools\WeightScaleGen2.BGC.Tools.csproj", "{9A8BBBDE-6D44-4844-9821-DA6FF270BACE}"
EndProject
Project("{FAE04EC0-301F-11D3-BF4B-00C04F79EFBC}") = "WeightScaleGen2.BGC.SerialPortService", "WeightScaleGen2.BGC.SerialPortService\WeightScaleGen2.BGC.SerialPortService.csproj", "{7EDC3290-03A7-437A-A7C2-F1622CDEFA9A}"
EndProject
Global
	GlobalSection(SolutionConfigurationPlatforms) = preSolution
		Debug|Any CPU = Debug|Any CPU
		Release|Any CPU = Release|Any CPU
	EndGlobalSection
	GlobalSection(ProjectConfigurationPlatforms) = postSolution
		{E6205F09-3FFF-43E6-8191-38646BF2CA0C}.Debug|Any CPU.ActiveCfg = Debug|Any CPU
		{E6205F09-3FFF-43E6-8191-38646BF2CA0C}.Debug|Any CPU.Build.0 = Debug|Any CPU
		{E6205F09-3FFF-43E6-8191-38646BF2CA0C}.Release|Any CPU.ActiveCfg = Release|Any CPU
		{E6205F09-3FFF-43E6-8191-38646BF2CA0C}.Release|Any CPU.Build.0 = Release|Any CPU
		{CB128723-DFF4-43A3-90B8-469BACDB1502}.Debug|Any CPU.ActiveCfg = Debug|Any CPU
		{CB128723-DFF4-43A3-90B8-469BACDB1502}.Debug|Any CPU.Build.0 = Debug|Any CPU
		{CB128723-DFF4-43A3-90B8-469BACDB1502}.Release|Any CPU.ActiveCfg = Release|Any CPU
		{CB128723-DFF4-43A3-90B8-469BACDB1502}.Release|Any CPU.Build.0 = Release|Any CPU
		{1F0F0F10-838E-45CB-92F7-8BD80FD34686}.Debug|Any CPU.ActiveCfg = Debug|Any CPU
		{1F0F0F10-838E-45CB-92F7-8BD80FD34686}.Debug|Any CPU.Build.0 = Debug|Any CPU
		{1F0F0F10-838E-45CB-92F7-8BD80FD34686}.Release|Any CPU.ActiveCfg = Release|Any CPU
		{1F0F0F10-838E-45CB-92F7-8BD80FD34686}.Release|Any CPU.Build.0 = Release|Any CPU
		{9A8BBBDE-6D44-4844-9821-DA6FF270BACE}.Debug|Any CPU.ActiveCfg = Debug|Any CPU
		{9A8BBBDE-6D44-4844-9821-DA6FF270BACE}.Debug|Any CPU.Build.0 = Debug|Any CPU
		{9A8BBBDE-6D44-4844-9821-DA6FF270BACE}.Release|Any CPU.ActiveCfg = Release|Any CPU
		{9A8BBBDE-6D44-4844-9821-DA6FF270BACE}.Release|Any CPU.Build.0 = Release|Any CPU
		{7EDC3290-03A7-437A-A7C2-F1622CDEFA9A}.Debug|Any CPU.ActiveCfg = Debug|Any CPU
		{7EDC3290-03A7-437A-A7C2-F1622CDEFA9A}.Debug|Any CPU.Build.0 = Debug|Any CPU
		{7EDC3290-03A7-437A-A7C2-F1622CDEFA9A}.Release|Any CPU.ActiveCfg = Release|Any CPU
		{7EDC3290-03A7-437A-A7C2-F1622CDEFA9A}.Release|Any CPU.Build.0 = Release|Any CPU
	EndGlobalSection
	GlobalSection(SolutionProperties) = preSolution
		HideSolutionNode = FALSE
	EndGlobalSection
	GlobalSection(ExtensibilityGlobals) = postSolution
		SolutionGuid = {EB7D2848-4694-4250-AD09-5BAE173E795F}
	EndGlobalSection
	GlobalSection(TeamFoundationVersionControl) = preSolution
		SccNumberOfProjects = 6
		SccEnterpriseProvider = {4CA58AB2-18FA-4F8D-95D4-32DDF27D184C}
		SccTeamFoundationServer = https://dev.azure.com/bgc-swdev
		SccLocalPath0 = .
		SccProjectUniqueName1 = WeightScaleGen2.BGC.API\\WeightScaleGen2.BGC.API.csproj
		SccProjectName1 = WeightScaleGen2.BGC.API
		SccLocalPath1 = WeightScaleGen2.BGC.API
		SccProjectUniqueName2 = WeightScaleGen2.BGC.Models\\WeightScaleGen2.BGC.Models.csproj
		SccProjectName2 = WeightScaleGen2.BGC.Models
		SccLocalPath2 = WeightScaleGen2.BGC.Models
		SccProjectUniqueName3 = WeightScaleGen2.BGC.Web\\WeightScaleGen2.BGC.Web.csproj
		SccProjectName3 = WeightScaleGen2.BGC.Web
		SccLocalPath3 = WeightScaleGen2.BGC.Web
		SccProjectUniqueName4 = WeightScaleGen2.BGC.Tools\\WeightScaleGen2.BGC.Tools.csproj
		SccProjectName4 = WeightScaleGen2.BGC.Tools
		SccLocalPath4 = WeightScaleGen2.BGC.Tools
		SccProjectUniqueName5 = WeightScaleGen2.BGC.SerialPortService\\WeightScaleGen2.BGC.SerialPortService.csproj
		SccProjectName5 = WeightScaleGen2.BGC.SerialPortService
		SccLocalPath5 = WeightScaleGen2.BGC.SerialPortService
	EndGlobalSection
EndGlobal
